
Microsoft Visual Studio Solution File, Format Version 12.00
# Visual Studio 15
VisualStudioVersion = 15.0.26730.12
MinimumVisualStudioVersion = 10.0.40219.1
Project("{8BC9CEB8-8B4A-11D0-8D11-00A0C91BC942}") = "CS116 Lab 6", "CS116 Lab 6\CS116 Lab 6.vcxproj", "{834D09D9-03F7-4DE8-9D0E-8B0EA6D0E1A9}"
EndProject
Global
	GlobalSection(SolutionConfigurationPlatforms) = preSolution
		Debug|x64 = Debug|x64
		Debug|x86 = Debug|x86
		Release|x64 = Release|x64
		Release|x86 = Release|x86
	EndGlobalSection
	GlobalSection(ProjectConfigurationPlatforms) = postSolution
		{834D09D9-03F7-4DE8-9D0E-8B0EA6D0E1A9}.Debug|x64.ActiveCfg = Debug|x64
		{834D09D9-03F7-4DE8-9D0E-8B0EA6D0E1A9}.Debug|x64.Build.0 = Debug|x64
		{834D09D9-03F7-4DE8-9D0E-8B0EA6D0E1A9}.Debug|x86.ActiveCfg = Debug|Win32
		{834D09D9-03F7-4DE8-9D0E-8B0EA6D0E1A9}.Debug|x86.Build.0 = Debug|Win32
		{834D09D9-03F7-4DE8-9D0E-8B0EA6D0E1A9}.Release|x64.ActiveCfg = Release|x64
		{834D09D9-03F7-4DE8-9D0E-8B0EA6D0E1A9}.Release|x64.Build.0 = Release|x64
		{834D09D9-03F7-4DE8-9D0E-8B0EA6D0E1A9}.Release|x86.ActiveCfg = Release|Win32
		{834D09D9-03F7-4DE8-9D0E-8B0EA6D0E1A9}.Release|x86.Build.0 = Release|Win32
	EndGlobalSection
	GlobalSection(SolutionProperties) = preSolution
		HideSolutionNode = FALSE
	EndGlobalSection
	GlobalSection(ExtensibilityGlobals) = postSolution
		SolutionGuid = {418C0679-9356-4178-86E8-7E4B6509C34E}
	EndGlobalSection
EndGlobal
